
Microsoft Visual Studio Solution File, Format Version 12.00
# Visual Studio Version 17
VisualStudioVersion = 17.8.34511.84
MinimumVisualStudioVersion = 10.0.40219.1
Project("{FAE04EC0-301F-11D3-BF4B-00C04F79EFBC}") = "APIServidorPrueba", "APIServidorPrueba\APIServidorPrueba.csproj", "{5EDCAD71-77A9-442B-B8C3-7FC513A2EB4E}"
EndProject
Global
	GlobalSection(SolutionConfigurationPlatforms) = preSolution
		Debug|Any CPU = Debug|Any CPU
		Release|Any CPU = Release|Any CPU
	EndGlobalSection
	GlobalSection(ProjectConfigurationPlatforms) = postSolution
		{5EDCAD71-77A9-442B-B8C3-7FC513A2EB4E}.Debug|Any CPU.ActiveCfg = Debug|Any CPU
		{5EDCAD71-77A9-442B-B8C3-7FC513A2EB4E}.Debug|Any CPU.Build.0 = Debug|Any CPU
		{5EDCAD71-77A9-442B-B8C3-7FC513A2EB4E}.Release|Any CPU.ActiveCfg = Release|Any CPU
		{5EDCAD71-77A9-442B-B8C3-7FC513A2EB4E}.Release|Any CPU.Build.0 = Release|Any CPU
	EndGlobalSection
	GlobalSection(SolutionProperties) = preSolution
		HideSolutionNode = FALSE
	EndGlobalSection
	GlobalSection(ExtensibilityGlobals) = postSolution
		SolutionGuid = {D297C129-A8E6-4D91-AE8A-0E2411315A19}
	EndGlobalSection
EndGlobal
