
Microsoft Visual Studio Solution File, Format Version 12.00
# Visual Studio Version 17
VisualStudioVersion = 17.8.34511.84
MinimumVisualStudioVersion = 10.0.40219.1
Project("{FAE04EC0-301F-11D3-BF4B-00C04F79EFBC}") = "Pila de Datos", "Pila de Datos\Pila de Datos.csproj", "{0C869C7A-6A1D-4365-9361-C091F069D3D2}"
EndProject
Global
	GlobalSection(SolutionConfigurationPlatforms) = preSolution
		Debug|Any CPU = Debug|Any CPU
		Release|Any CPU = Release|Any CPU
	EndGlobalSection
	GlobalSection(ProjectConfigurationPlatforms) = postSolution
		{0C869C7A-6A1D-4365-9361-C091F069D3D2}.Debug|Any CPU.ActiveCfg = Debug|Any CPU
		{0C869C7A-6A1D-4365-9361-C091F069D3D2}.Debug|Any CPU.Build.0 = Debug|Any CPU
		{0C869C7A-6A1D-4365-9361-C091F069D3D2}.Release|Any CPU.ActiveCfg = Release|Any CPU
		{0C869C7A-6A1D-4365-9361-C091F069D3D2}.Release|Any CPU.Build.0 = Release|Any CPU
	EndGlobalSection
	GlobalSection(SolutionProperties) = preSolution
		HideSolutionNode = FALSE
	EndGlobalSection
	GlobalSection(ExtensibilityGlobals) = postSolution
		SolutionGuid = {ED3BB766-6707-4F7C-9FD6-6C1B4CC4859D}
	EndGlobalSection
EndGlobal
